{
  "requires": true,
  "lockfileVersion": 1,
  "dependencies": {
    "jupyter": {
      "version": "0.0.0",
      "resolved": "https://registry.npmjs.org/jupyter/-/jupyter-0.0.0.tgz",
      "integrity": "sha1-11qCbvgyEeykR9rW5vqIDp67wc8="
    },
    "notebook": {
      "version": "1.0.1",
      "resolved": "https://registry.npmjs.org/notebook/-/notebook-1.0.1.tgz",
      "integrity": "sha1-I7Rgqczj5BLhtFrY5mYQ6LujTuo="
    }
  }
}
